
Microsoft Visual Studio Solution File, Format Version 12.00
# Visual Studio Version 16
VisualStudioVersion = 16.0.32428.217
MinimumVisualStudioVersion = 10.0.40219.1
Project("{FAE04EC0-301F-11D3-BF4B-00C04F79EFBC}") = "WebTattoo", "WebTattoo.csproj", "{447EAA78-A229-4FF8-AED6-23F46AE7068C}"
EndProject
Global
	GlobalSection(SolutionConfigurationPlatforms) = preSolution
		Debug|Any CPU = Debug|Any CPU
		Release|Any CPU = Release|Any CPU
	EndGlobalSection
	GlobalSection(ProjectConfigurationPlatforms) = postSolution
		{447EAA78-A229-4FF8-AED6-23F46AE7068C}.Debug|Any CPU.ActiveCfg = Debug|Any CPU
		{447EAA78-A229-4FF8-AED6-23F46AE7068C}.Debug|Any CPU.Build.0 = Debug|Any CPU
		{447EAA78-A229-4FF8-AED6-23F46AE7068C}.Release|Any CPU.ActiveCfg = Release|Any CPU
		{447EAA78-A229-4FF8-AED6-23F46AE7068C}.Release|Any CPU.Build.0 = Release|Any CPU
	EndGlobalSection
	GlobalSection(SolutionProperties) = preSolution
		HideSolutionNode = FALSE
	EndGlobalSection
	GlobalSection(ExtensibilityGlobals) = postSolution
		SolutionGuid = {5A48746C-4D81-4538-931F-4D811A141F0C}
	EndGlobalSection
EndGlobal
